
Microsoft Visual Studio Solution File, Format Version 12.00
# Visual Studio Version 17
VisualStudioVersion = 17.0.31903.59
MinimumVisualStudioVersion = 10.0.40219.1
Project("{9A19103F-16F7-4668-BE54-9A1E7A4F7556}") = "OrasProject.Oras.Tests", "tests\OrasProject.Oras.Tests\OrasProject.Oras.Tests.csproj", "{70DFCE13-53AA-4CC2-8E1A-F73A1344A0CB}"
EndProject
Project("{9A19103F-16F7-4668-BE54-9A1E7A4F7556}") = "OrasProject.Oras", "src\OrasProject.Oras\OrasProject.Oras.csproj", "{547F152F-6F4D-4E5A-AD3A-C3BC5CDCFD27}"
EndProject
Global
	GlobalSection(SolutionConfigurationPlatforms) = preSolution
		Debug|Any CPU = Debug|Any CPU
		Release|Any CPU = Release|Any CPU
	EndGlobalSection
	GlobalSection(ProjectConfigurationPlatforms) = postSolution
		{70DFCE13-53AA-4CC2-8E1A-F73A1344A0CB}.Debug|Any CPU.ActiveCfg = Debug|Any CPU
		{70DFCE13-53AA-4CC2-8E1A-F73A1344A0CB}.Debug|Any CPU.Build.0 = Debug|Any CPU
		{70DFCE13-53AA-4CC2-8E1A-F73A1344A0CB}.Release|Any CPU.ActiveCfg = Release|Any CPU
		{70DFCE13-53AA-4CC2-8E1A-F73A1344A0CB}.Release|Any CPU.Build.0 = Release|Any CPU
		{547F152F-6F4D-4E5A-AD3A-C3BC5CDCFD27}.Debug|Any CPU.ActiveCfg = Debug|Any CPU
		{547F152F-6F4D-4E5A-AD3A-C3BC5CDCFD27}.Debug|Any CPU.Build.0 = Debug|Any CPU
		{547F152F-6F4D-4E5A-AD3A-C3BC5CDCFD27}.Release|Any CPU.ActiveCfg = Release|Any CPU
		{547F152F-6F4D-4E5A-AD3A-C3BC5CDCFD27}.Release|Any CPU.Build.0 = Release|Any CPU
	EndGlobalSection
	GlobalSection(SolutionProperties) = preSolution
		HideSolutionNode = FALSE
	EndGlobalSection
EndGlobal
