
Microsoft Visual Studio Solution File, Format Version 12.00
# Visual Studio Version 17
VisualStudioVersion = 17.0.31903.59
MinimumVisualStudioVersion = 10.0.40219.1
Project("{FAE04EC0-301F-11D3-BF4B-00C04F79EFBC}") = "OrasDotNet", "OrasDotNet.csproj", "{73ED0E6C-C33C-4CE0-BC15-DA7484F61888}"
EndProject
Global
	GlobalSection(SolutionConfigurationPlatforms) = preSolution
		Debug|Any CPU = Debug|Any CPU
		Release|Any CPU = Release|Any CPU
	EndGlobalSection
	GlobalSection(SolutionProperties) = preSolution
		HideSolutionNode = FALSE
	EndGlobalSection
	GlobalSection(ProjectConfigurationPlatforms) = postSolution
		{73ED0E6C-C33C-4CE0-BC15-DA7484F61888}.Debug|Any CPU.ActiveCfg = Debug|Any CPU
		{73ED0E6C-C33C-4CE0-BC15-DA7484F61888}.Debug|Any CPU.Build.0 = Debug|Any CPU
		{73ED0E6C-C33C-4CE0-BC15-DA7484F61888}.Release|Any CPU.ActiveCfg = Release|Any CPU
		{73ED0E6C-C33C-4CE0-BC15-DA7484F61888}.Release|Any CPU.Build.0 = Release|Any CPU
	EndGlobalSection
EndGlobal
